
Microsoft Visual Studio Solution File, Format Version 11.00
# Visual Studio 2010
Project("{FAE04EC0-301F-11D3-BF4B-00C04F79EFBC}") = "Assembly-CSharp", "Assembly-CSharp.csproj", "{5de6c92d-c7d2-aef4-1fde-8b5580e39a53}"
EndProject
Project("{FAE04EC0-301F-11D3-BF4B-00C04F79EFBC}") = "FMODUnity", "FMODUnity.csproj", "{a3648068-e9f9-6d0d-980e-2618ba4b60a9}"
EndProject
Project("{FAE04EC0-301F-11D3-BF4B-00C04F79EFBC}") = "FMODUnityEditor", "FMODUnityEditor.csproj", "{3b19a953-7062-ef4b-9057-f93959e66d14}"
EndProject
Project("{FAE04EC0-301F-11D3-BF4B-00C04F79EFBC}") = "FMODUnityResonanceEditor", "FMODUnityResonanceEditor.csproj", "{a95df046-aebc-ad47-b5b6-47972a42dc61}"
EndProject
Project("{FAE04EC0-301F-11D3-BF4B-00C04F79EFBC}") = "FMODUnityResonance", "FMODUnityResonance.csproj", "{e1edc151-f922-aaff-a196-d2b668b0d5a4}"
EndProject
Global
	GlobalSection(SolutionConfigurationPlatforms) = preSolution
		Debug|Any CPU = Debug|Any CPU
	EndGlobalSection
	GlobalSection(ProjectConfigurationPlatforms) = postSolution
		{5de6c92d-c7d2-aef4-1fde-8b5580e39a53}.Debug|Any CPU.ActiveCfg = Debug|Any CPU
		{5de6c92d-c7d2-aef4-1fde-8b5580e39a53}.Debug|Any CPU.Build.0 = Debug|Any CPU
		{a3648068-e9f9-6d0d-980e-2618ba4b60a9}.Debug|Any CPU.ActiveCfg = Debug|Any CPU
		{a3648068-e9f9-6d0d-980e-2618ba4b60a9}.Debug|Any CPU.Build.0 = Debug|Any CPU
		{3b19a953-7062-ef4b-9057-f93959e66d14}.Debug|Any CPU.ActiveCfg = Debug|Any CPU
		{3b19a953-7062-ef4b-9057-f93959e66d14}.Debug|Any CPU.Build.0 = Debug|Any CPU
		{a95df046-aebc-ad47-b5b6-47972a42dc61}.Debug|Any CPU.ActiveCfg = Debug|Any CPU
		{a95df046-aebc-ad47-b5b6-47972a42dc61}.Debug|Any CPU.Build.0 = Debug|Any CPU
		{e1edc151-f922-aaff-a196-d2b668b0d5a4}.Debug|Any CPU.ActiveCfg = Debug|Any CPU
		{e1edc151-f922-aaff-a196-d2b668b0d5a4}.Debug|Any CPU.Build.0 = Debug|Any CPU
	EndGlobalSection
	GlobalSection(SolutionProperties) = preSolution
		HideSolutionNode = FALSE
	EndGlobalSection
EndGlobal
